
Microsoft Visual Studio Solution File, Format Version 12.00
# Visual Studio Version 16
VisualStudioVersion = 16.0.29215.179
MinimumVisualStudioVersion = 10.0.40219.1
Project("{FAE04EC0-301F-11D3-BF4B-00C04F79EFBC}") = "BancoBNB", "BancoBNB\BancoBNB.csproj", "{E1861439-AB02-423C-A987-E128140DD111}"
EndProject
Global
	GlobalSection(SolutionConfigurationPlatforms) = preSolution
		Debug|Any CPU = Debug|Any CPU
		Release|Any CPU = Release|Any CPU
	EndGlobalSection
	GlobalSection(ProjectConfigurationPlatforms) = postSolution
		{E1861439-AB02-423C-A987-E128140DD111}.Debug|Any CPU.ActiveCfg = Debug|Any CPU
		{E1861439-AB02-423C-A987-E128140DD111}.Debug|Any CPU.Build.0 = Debug|Any CPU
		{E1861439-AB02-423C-A987-E128140DD111}.Release|Any CPU.ActiveCfg = Release|Any CPU
		{E1861439-AB02-423C-A987-E128140DD111}.Release|Any CPU.Build.0 = Release|Any CPU
	EndGlobalSection
	GlobalSection(SolutionProperties) = preSolution
		HideSolutionNode = FALSE
	EndGlobalSection
	GlobalSection(ExtensibilityGlobals) = postSolution
		SolutionGuid = {982F8280-7A69-44CD-9A8F-30C31E806CA5}
	EndGlobalSection
EndGlobal
